
Microsoft Visual Studio Solution File, Format Version 12.00
# Visual Studio Version 17
VisualStudioVersion = 17.13.35825.156 d17.13
MinimumVisualStudioVersion = 10.0.40219.1
Project("{FAE04EC0-301F-11D3-BF4B-00C04F79EFBC}") = "ProjetoTeste", "ProjetoTeste\ProjetoTeste.csproj", "{1168576D-31A4-4AB9-B778-8E798F25FBCE}"
EndProject
Global
	GlobalSection(SolutionConfigurationPlatforms) = preSolution
		Debug|Any CPU = Debug|Any CPU
		Release|Any CPU = Release|Any CPU
	EndGlobalSection
	GlobalSection(ProjectConfigurationPlatforms) = postSolution
		{1168576D-31A4-4AB9-B778-8E798F25FBCE}.Debug|Any CPU.ActiveCfg = Debug|Any CPU
		{1168576D-31A4-4AB9-B778-8E798F25FBCE}.Debug|Any CPU.Build.0 = Debug|Any CPU
		{1168576D-31A4-4AB9-B778-8E798F25FBCE}.Release|Any CPU.ActiveCfg = Release|Any CPU
		{1168576D-31A4-4AB9-B778-8E798F25FBCE}.Release|Any CPU.Build.0 = Release|Any CPU
	EndGlobalSection
	GlobalSection(SolutionProperties) = preSolution
		HideSolutionNode = FALSE
	EndGlobalSection
	GlobalSection(ExtensibilityGlobals) = postSolution
		SolutionGuid = {9EEC2775-7B3F-439D-AE35-FEE4959CAE83}
	EndGlobalSection
EndGlobal
